// !$*UTF8*$!
{
	archiveVersion = 1;
	classes = {
	};
	objectVersion = 46;
	objects = {

/* Begin PBXBuildFile section */
		482603BB16B9F36E00B5F271 /* INAppStoreWindow.m in Sources */ = {isa = PBXBuildFile; fileRef = 482603BA16B9F36E00B5F271 /* INAppStoreWindow.m */; };
		482603C116B9F8DD00B5F271 /* NSColor+LPAdditions.m in Sources */ = {isa = PBXBuildFile; fileRef = 482603C016B9F8DD00B5F271 /* NSColor+LPAdditions.m */; settings = {COMPILER_FLAGS = "-fno-objc-arc"; }; };
		482603C516B9F98000B5F271 /* NSImage+LPAdditions.m in Sources */ = {isa = PBXBuildFile; fileRef = 482603C416B9F98000B5F271 /* NSImage+LPAdditions.m */; };
		482603C916B9FC2600B5F271 /* LPAlbumViewController.m in Sources */ = {isa = PBXBuildFile; fileRef = 482603C716B9FC2500B5F271 /* LPAlbumViewController.m */; };
		482603CA16B9FC2600B5F271 /* LPAlbumViewController.xib in Resources */ = {isa = PBXBuildFile; fileRef = 482603C816B9FC2500B5F271 /* LPAlbumViewController.xib */; };
		482603D216B9FD0300B5F271 /* LPScrollView.m in Sources */ = {isa = PBXBuildFile; fileRef = 482603CC16B9FD0200B5F271 /* LPScrollView.m */; };
		482603D316B9FD0300B5F271 /* LPClipView.m in Sources */ = {isa = PBXBuildFile; fileRef = 482603CF16B9FD0200B5F271 /* LPClipView.m */; };
		482603D416B9FD0300B5F271 /* NSTextView+LPAdditions.m in Sources */ = {isa = PBXBuildFile; fileRef = 482603D116B9FD0200B5F271 /* NSTextView+LPAdditions.m */; };
		482603D716B9FE3C00B5F271 /* Quartz.framework in Frameworks */ = {isa = PBXBuildFile; fileRef = 482603D616B9FE3C00B5F271 /* Quartz.framework */; };
		482603F016BA0FF100B5F271 /* pirelli.png in Resources */ = {isa = PBXBuildFile; fileRef = 482603EB16BA0F3300B5F271 /* pirelli.png */; };
		482603F116BA0FF100B5F271 /* pirelli@2x.png in Resources */ = {isa = PBXBuildFile; fileRef = 482603EC16BA0F3300B5F271 /* pirelli@2x.png */; };
		482603F216BA0FF100B5F271 /* mini_pirelli@2x.png in Resources */ = {isa = PBXBuildFile; fileRef = 482603ED16BA0F3300B5F271 /* mini_pirelli@2x.png */; };
		482603F316BA0FF100B5F271 /* mini_pirelli.png in Resources */ = {isa = PBXBuildFile; fileRef = 482603EE16BA0F3300B5F271 /* mini_pirelli.png */; };
		5E292A0B16B3452D009A538A /* Cocoa.framework in Frameworks */ = {isa = PBXBuildFile; fileRef = 5E292A0A16B3452D009A538A /* Cocoa.framework */; };
		5E292A1516B3452D009A538A /* InfoPlist.strings in Resources */ = {isa = PBXBuildFile; fileRef = 5E292A1316B3452D009A538A /* InfoPlist.strings */; };
		5E292A1716B3452D009A538A /* main.m in Sources */ = {isa = PBXBuildFile; fileRef = 5E292A1616B3452D009A538A /* main.m */; };
		5E292A1B16B3452D009A538A /* Credits.rtf in Resources */ = {isa = PBXBuildFile; fileRef = 5E292A1916B3452D009A538A /* Credits.rtf */; };
		5E292A1E16B3452D009A538A /* LPAppDelegate.m in Sources */ = {isa = PBXBuildFile; fileRef = 5E292A1D16B3452D009A538A /* LPAppDelegate.m */; };
		5E292A2116B3452E009A538A /* MainMenu.xib in Resources */ = {isa = PBXBuildFile; fileRef = 5E292A1F16B3452E009A538A /* MainMenu.xib */; };
		5E292A2416B3452E009A538A /* Long_Play.xcdatamodeld in Sources */ = {isa = PBXBuildFile; fileRef = 5E292A2216B3452E009A538A /* Long_Play.xcdatamodeld */; };
/* End PBXBuildFile section */

/* Begin PBXFileReference section */
		482603B916B9F36E00B5F271 /* INAppStoreWindow.h */ = {isa = PBXFileReference; fileEncoding = 4; lastKnownFileType = sourcecode.c.h; path = INAppStoreWindow.h; sourceTree = "<group>"; };
		482603BA16B9F36E00B5F271 /* INAppStoreWindow.m */ = {isa = PBXFileReference; fileEncoding = 4; lastKnownFileType = sourcecode.c.objc; path = INAppStoreWindow.m; sourceTree = "<group>"; };
		482603BC16B9F79200B5F271 /* LPCommon.h */ = {isa = PBXFileReference; lastKnownFileType = sourcecode.c.h; path = LPCommon.h; sourceTree = "<group>"; };
		482603BF16B9F8DD00B5F271 /* NSColor+LPAdditions.h */ = {isa = PBXFileReference; fileEncoding = 4; lastKnownFileType = sourcecode.c.h; path = "NSColor+LPAdditions.h"; sourceTree = "<group>"; };
		482603C016B9F8DD00B5F271 /* NSColor+LPAdditions.m */ = {isa = PBXFileReference; fileEncoding = 4; lastKnownFileType = sourcecode.c.objc; path = "NSColor+LPAdditions.m"; sourceTree = "<group>"; };
		482603C316B9F98000B5F271 /* NSImage+LPAdditions.h */ = {isa = PBXFileReference; fileEncoding = 4; lastKnownFileType = sourcecode.c.h; path = "NSImage+LPAdditions.h"; sourceTree = "<group>"; };
		482603C416B9F98000B5F271 /* NSImage+LPAdditions.m */ = {isa = PBXFileReference; fileEncoding = 4; lastKnownFileType = sourcecode.c.objc; path = "NSImage+LPAdditions.m"; sourceTree = "<group>"; };
		482603C616B9FC2500B5F271 /* LPAlbumViewController.h */ = {isa = PBXFileReference; fileEncoding = 4; lastKnownFileType = sourcecode.c.h; path = LPAlbumViewController.h; sourceTree = "<group>"; };
		482603C716B9FC2500B5F271 /* LPAlbumViewController.m */ = {isa = PBXFileReference; fileEncoding = 4; lastKnownFileType = sourcecode.c.objc; path = LPAlbumViewController.m; sourceTree = "<group>"; };
		482603C816B9FC2500B5F271 /* LPAlbumViewController.xib */ = {isa = PBXFileReference; fileEncoding = 4; lastKnownFileType = file.xib; path = LPAlbumViewController.xib; sourceTree = "<group>"; };
		482603CC16B9FD0200B5F271 /* LPScrollView.m */ = {isa = PBXFileReference; fileEncoding = 4; lastKnownFileType = sourcecode.c.objc; path = LPScrollView.m; sourceTree = "<group>"; };
		482603CD16B9FD0200B5F271 /* NSTextView+LPAdditions.h */ = {isa = PBXFileReference; fileEncoding = 4; lastKnownFileType = sourcecode.c.h; path = "NSTextView+LPAdditions.h"; sourceTree = "<group>"; };
		482603CE16B9FD0200B5F271 /* LPScrollView.h */ = {isa = PBXFileReference; fileEncoding = 4; lastKnownFileType = sourcecode.c.h; path = LPScrollView.h; sourceTree = "<group>"; };
		482603CF16B9FD0200B5F271 /* LPClipView.m */ = {isa = PBXFileReference; fileEncoding = 4; lastKnownFileType = sourcecode.c.objc; path = LPClipView.m; sourceTree = "<group>"; };
		482603D016B9FD0200B5F271 /* LPClipView.h */ = {isa = PBXFileReference; fileEncoding = 4; lastKnownFileType = sourcecode.c.h; path = LPClipView.h; sourceTree = "<group>"; };
		482603D116B9FD0200B5F271 /* NSTextView+LPAdditions.m */ = {isa = PBXFileReference; fileEncoding = 4; lastKnownFileType = sourcecode.c.objc; path = "NSTextView+LPAdditions.m"; sourceTree = "<group>"; };
		482603D616B9FE3C00B5F271 /* Quartz.framework */ = {isa = PBXFileReference; lastKnownFileType = wrapper.framework; name = Quartz.framework; path = System/Library/Frameworks/Quartz.framework; sourceTree = SDKROOT; };
		482603EB16BA0F3300B5F271 /* pirelli.png */ = {isa = PBXFileReference; lastKnownFileType = image.png; path = pirelli.png; sourceTree = "<group>"; };
		482603EC16BA0F3300B5F271 /* pirelli@2x.png */ = {isa = PBXFileReference; lastKnownFileType = image.png; path = "pirelli@2x.png"; sourceTree = "<group>"; };
		482603ED16BA0F3300B5F271 /* mini_pirelli@2x.png */ = {isa = PBXFileReference; lastKnownFileType = image.png; path = "mini_pirelli@2x.png"; sourceTree = "<group>"; };
		482603EE16BA0F3300B5F271 /* mini_pirelli.png */ = {isa = PBXFileReference; lastKnownFileType = image.png; path = mini_pirelli.png; sourceTree = "<group>"; };
		5E292A0616B3452D009A538A /* LongPlay.app */ = {isa = PBXFileReference; explicitFileType = wrapper.application; includeInIndex = 0; path = LongPlay.app; sourceTree = BUILT_PRODUCTS_DIR; };
		5E292A0A16B3452D009A538A /* Cocoa.framework */ = {isa = PBXFileReference; lastKnownFileType = wrapper.framework; name = Cocoa.framework; path = System/Library/Frameworks/Cocoa.framework; sourceTree = SDKROOT; };
		5E292A0D16B3452D009A538A /* AppKit.framework */ = {isa = PBXFileReference; lastKnownFileType = wrapper.framework; name = AppKit.framework; path = System/Library/Frameworks/AppKit.framework; sourceTree = SDKROOT; };
		5E292A0E16B3452D009A538A /* CoreData.framework */ = {isa = PBXFileReference; lastKnownFileType = wrapper.framework; name = CoreData.framework; path = System/Library/Frameworks/CoreData.framework; sourceTree = SDKROOT; };
		5E292A0F16B3452D009A538A /* Foundation.framework */ = {isa = PBXFileReference; lastKnownFileType = wrapper.framework; name = Foundation.framework; path = System/Library/Frameworks/Foundation.framework; sourceTree = SDKROOT; };
		5E292A1216B3452D009A538A /* LongPlay-Info.plist */ = {isa = PBXFileReference; lastKnownFileType = text.plist.xml; path = "LongPlay-Info.plist"; sourceTree = "<group>"; };
		5E292A1416B3452D009A538A /* en */ = {isa = PBXFileReference; lastKnownFileType = text.plist.strings; name = en; path = en.lproj/InfoPlist.strings; sourceTree = "<group>"; };
		5E292A1616B3452D009A538A /* main.m */ = {isa = PBXFileReference; lastKnownFileType = sourcecode.c.objc; path = main.m; sourceTree = "<group>"; };
		5E292A1816B3452D009A538A /* LongPlay-Prefix.pch */ = {isa = PBXFileReference; lastKnownFileType = sourcecode.c.h; path = "LongPlay-Prefix.pch"; sourceTree = "<group>"; };
		5E292A1A16B3452D009A538A /* en */ = {isa = PBXFileReference; lastKnownFileType = text.rtf; name = en; path = en.lproj/Credits.rtf; sourceTree = "<group>"; };
		5E292A1C16B3452D009A538A /* LPAppDelegate.h */ = {isa = PBXFileReference; lastKnownFileType = sourcecode.c.h; path = LPAppDelegate.h; sourceTree = "<group>"; };
		5E292A1D16B3452D009A538A /* LPAppDelegate.m */ = {isa = PBXFileReference; lastKnownFileType = sourcecode.c.objc; path = LPAppDelegate.m; sourceTree = "<group>"; };
		5E292A2016B3452E009A538A /* en */ = {isa = PBXFileReference; lastKnownFileType = file.xib; name = en; path = en.lproj/MainMenu.xib; sourceTree = "<group>"; };
		5E292A2316B3452E009A538A /* Long_Play.xcdatamodel */ = {isa = PBXFileReference; lastKnownFileType = wrapper.xcdatamodel; path = Long_Play.xcdatamodel; sourceTree = "<group>"; };
/* End PBXFileReference section */

/* Begin PBXFrameworksBuildPhase section */
		5E292A0316B3452D009A538A /* Frameworks */ = {
			isa = PBXFrameworksBuildPhase;
			buildActionMask = 2147483647;
			files = (
				482603D716B9FE3C00B5F271 /* Quartz.framework in Frameworks */,
				5E292A0B16B3452D009A538A /* Cocoa.framework in Frameworks */,
			);
			runOnlyForDeploymentPostprocessing = 0;
		};
/* End PBXFrameworksBuildPhase section */

/* Begin PBXGroup section */
		482603BD16B9F7A900B5F271 /* INAppStoreWindow */ = {
			isa = PBXGroup;
			children = (
				482603B916B9F36E00B5F271 /* INAppStoreWindow.h */,
				482603BA16B9F36E00B5F271 /* INAppStoreWindow.m */,
			);
			name = INAppStoreWindow;
			sourceTree = "<group>";
		};
		482603BE16B9F86E00B5F271 /* Components */ = {
			isa = PBXGroup;
			children = (
				482603BC16B9F79200B5F271 /* LPCommon.h */,
				482603BD16B9F7A900B5F271 /* INAppStoreWindow */,
				482603C216B9F8E000B5F271 /* Extensions */,
				482603D516B9FD3E00B5F271 /* Layer Improvements */,
			);
			name = Components;
			sourceTree = "<group>";
		};
		482603C216B9F8E000B5F271 /* Extensions */ = {
			isa = PBXGroup;
			children = (
				482603BF16B9F8DD00B5F271 /* NSColor+LPAdditions.h */,
				482603C016B9F8DD00B5F271 /* NSColor+LPAdditions.m */,
				482603C316B9F98000B5F271 /* NSImage+LPAdditions.h */,
				482603C416B9F98000B5F271 /* NSImage+LPAdditions.m */,
				482603CD16B9FD0200B5F271 /* NSTextView+LPAdditions.h */,
				482603D116B9FD0200B5F271 /* NSTextView+LPAdditions.m */,
			);
			name = Extensions;
			sourceTree = "<group>";
		};
		482603CB16B9FC2900B5F271 /* Albums View */ = {
			isa = PBXGroup;
			children = (
				482603C616B9FC2500B5F271 /* LPAlbumViewController.h */,
				482603C716B9FC2500B5F271 /* LPAlbumViewController.m */,
				482603C816B9FC2500B5F271 /* LPAlbumViewController.xib */,
			);
			name = "Albums View";
			sourceTree = "<group>";
		};
		482603D516B9FD3E00B5F271 /* Layer Improvements */ = {
			isa = PBXGroup;
			children = (
				482603D016B9FD0200B5F271 /* LPClipView.h */,
				482603CF16B9FD0200B5F271 /* LPClipView.m */,
				482603CE16B9FD0200B5F271 /* LPScrollView.h */,
				482603CC16B9FD0200B5F271 /* LPScrollView.m */,
			);
			name = "Layer Improvements";
			sourceTree = "<group>";
		};
		482603EF16BA0F3700B5F271 /* Textures */ = {
			isa = PBXGroup;
			children = (
				482603EB16BA0F3300B5F271 /* pirelli.png */,
				482603EC16BA0F3300B5F271 /* pirelli@2x.png */,
				482603ED16BA0F3300B5F271 /* mini_pirelli@2x.png */,
				482603EE16BA0F3300B5F271 /* mini_pirelli.png */,
			);
			name = Textures;
			sourceTree = "<group>";
		};
		5E2929FB16B3452D009A538A = {
			isa = PBXGroup;
			children = (
				5E292A1016B3452D009A538A /* LongPlay */,
				5E292A0916B3452D009A538A /* Frameworks */,
				5E292A0716B3452D009A538A /* Products */,
			);
			sourceTree = "<group>";
		};
		5E292A0716B3452D009A538A /* Products */ = {
			isa = PBXGroup;
			children = (
				5E292A0616B3452D009A538A /* LongPlay.app */,
			);
			name = Products;
			sourceTree = "<group>";
		};
		5E292A0916B3452D009A538A /* Frameworks */ = {
			isa = PBXGroup;
			children = (
				5E292A0A16B3452D009A538A /* Cocoa.framework */,
				482603D616B9FE3C00B5F271 /* Quartz.framework */,
				5E292A0C16B3452D009A538A /* Other Frameworks */,
			);
			name = Frameworks;
			sourceTree = "<group>";
		};
		5E292A0C16B3452D009A538A /* Other Frameworks */ = {
			isa = PBXGroup;
			children = (
				5E292A0D16B3452D009A538A /* AppKit.framework */,
				5E292A0E16B3452D009A538A /* CoreData.framework */,
				5E292A0F16B3452D009A538A /* Foundation.framework */,
			);
			name = "Other Frameworks";
			sourceTree = "<group>";
		};
		5E292A1016B3452D009A538A /* LongPlay */ = {
			isa = PBXGroup;
			children = (
				482603BE16B9F86E00B5F271 /* Components */,
				482603CB16B9FC2900B5F271 /* Albums View */,
				5E292A1C16B3452D009A538A /* LPAppDelegate.h */,
				5E292A1D16B3452D009A538A /* LPAppDelegate.m */,
				5E292A1F16B3452E009A538A /* MainMenu.xib */,
				5E292A2216B3452E009A538A /* Long_Play.xcdatamodeld */,
				5E292A1116B3452D009A538A /* Supporting Files */,
			);
			path = LongPlay;
			sourceTree = "<group>";
		};
		5E292A1116B3452D009A538A /* Supporting Files */ = {
			isa = PBXGroup;
			children = (
				482603EF16BA0F3700B5F271 /* Textures */,
				5E292A1216B3452D009A538A /* LongPlay-Info.plist */,
				5E292A1316B3452D009A538A /* InfoPlist.strings */,
				5E292A1616B3452D009A538A /* main.m */,
				5E292A1816B3452D009A538A /* LongPlay-Prefix.pch */,
				5E292A1916B3452D009A538A /* Credits.rtf */,
			);
			name = "Supporting Files";
			sourceTree = "<group>";
		};
/* End PBXGroup section */

/* Begin PBXNativeTarget section */
		5E292A0516B3452D009A538A /* LongPlay */ = {
			isa = PBXNativeTarget;
			buildConfigurationList = 5E292A2716B3452E009A538A /* Build configuration list for PBXNativeTarget "LongPlay" */;
			buildPhases = (
				5E292A0216B3452D009A538A /* Sources */,
				5E292A0316B3452D009A538A /* Frameworks */,
				5E292A0416B3452D009A538A /* Resources */,
				B7292890E498447FB5FC66B9 /* Copy Pods Resources */,
				482603D816BA078D00B5F271 /* ShellScript */,
			);
			buildRules = (
			);
			dependencies = (
			);
			name = LongPlay;
			productName = "Long Play";
			productReference = 5E292A0616B3452D009A538A /* LongPlay.app */;
			productType = "com.apple.product-type.application";
		};
/* End PBXNativeTarget section */

/* Begin PBXProject section */
		5E2929FD16B3452D009A538A /* Project object */ = {
			isa = PBXProject;
			attributes = {
				CLASSPREFIX = LP;
				LastUpgradeCheck = 0450;
			};
			buildConfigurationList = 5E292A0016B3452D009A538A /* Build configuration list for PBXProject "LongPlay" */;
			compatibilityVersion = "Xcode 3.2";
			developmentRegion = English;
			hasScannedForEncodings = 0;
			knownRegions = (
				en,
			);
			mainGroup = 5E2929FB16B3452D009A538A;
			productRefGroup = 5E292A0716B3452D009A538A /* Products */;
			projectDirPath = "";
			projectRoot = "";
			targets = (
				5E292A0516B3452D009A538A /* LongPlay */,
			);
		};
/* End PBXProject section */

/* Begin PBXResourcesBuildPhase section */
		5E292A0416B3452D009A538A /* Resources */ = {
			isa = PBXResourcesBuildPhase;
			buildActionMask = 2147483647;
			files = (
				482603F016BA0FF100B5F271 /* pirelli.png in Resources */,
				482603F116BA0FF100B5F271 /* pirelli@2x.png in Resources */,
				482603F216BA0FF100B5F271 /* mini_pirelli@2x.png in Resources */,
				482603F316BA0FF100B5F271 /* mini_pirelli.png in Resources */,
				5E292A1516B3452D009A538A /* InfoPlist.strings in Resources */,
				5E292A1B16B3452D009A538A /* Credits.rtf in Resources */,
				5E292A2116B3452E009A538A /* MainMenu.xib in Resources */,
				482603CA16B9FC2600B5F271 /* LPAlbumViewController.xib in Resources */,
			);
			runOnlyForDeploymentPostprocessing = 0;
		};
/* End PBXResourcesBuildPhase section */

/* Begin PBXShellScriptBuildPhase section */
		482603D816BA078D00B5F271 /* ShellScript */ = {
			isa = PBXShellScriptBuildPhase;
			buildActionMask = 2147483647;
			files = (
			);
			inputPaths = (
			);
			outputPaths = (
			);
			runOnlyForDeploymentPostprocessing = 0;
			shellPath = /usr/bin/ruby;
			shellScript = "def get_file_as_string(filename)\ndata = ''\nf = File.open(filename, \"r\")\nf.each_line do |line|\ndata += line\nend\nreturn data\nend\n\n\ndef handle_alpha_beta(old_value, letter, infoplist, start_of_value, end_of_value)\nparts = old_value.split(letter)\nversion_num = parts[0]\nalpha_num = parts[1].to_i\n\nalpha_num = alpha_num + 1\nnew_version = version_num.to_s + letter + alpha_num.to_s\nprint \"Assigning new version: \" + new_version + \"\\n\"\nnew_key = \"<string>#{new_version}</string>\"\n\npart_1 = infoplist[0, start_of_value - '<string>'.length];\npart_2 = new_key\npart_3 = infoplist[end_of_value + \"</string>\".length, infoplist.length - (end_of_value - start_of_value + (new_key.length - 1))]\n\nnew_info_plist = part_1 + part_2 + part_3\nnew_info_plist\nend\n\ndef find_and_increment_version_number_with_key(key, infoplist)\n\nstart_of_key = infoplist.index(key)\nstart_of_value = infoplist.index(\"<string>\", start_of_key) + \"<string>\".length\nend_of_value = infoplist.index(\"</string>\", start_of_value)\nold_value = infoplist[start_of_value, end_of_value - start_of_value]\n\nprint \"Old version for \" + key + \": \" + old_value + \"\\n\"\nprint old_value.class.to_s + \"\\n\"\nold_value_int = old_value.to_i\nprint old_value_int.class.to_s + \"\\n\"\nif (old_value.index(\"a\") != nil) # alpha\ninfoplist = handle_alpha_beta(old_value, \"a\", infoplist, start_of_value, end_of_value)\nelsif (old_value.index(\"b\") != nil) # beta\ninfoplist = handle_alpha_beta(old_value, \"b\", infoplist, start_of_value, end_of_value)\nelsif (old_value.index(\".\") != nil) # release dot version\nparts = old_value.split(\".\")\nlast_part = parts.last.to_i\nlast_part = last_part + 1\nparts.delete(parts.last)\n\nnew_version = \"\"\nfirst = true\nparts.each do |one_part|\nif (first)\nfirst = false\nelse\nnew_version = new_version + \".\"\nend\nnew_version = new_version + one_part\nend\nnew_version = new_version.to_s + \".\" + last_part.to_s\nprint \"New version: \" + new_version.to_s + \"\\n\"\nnew_key = \"<string>#{new_version}</string>\"\ninfoplist = \"#{infoplist[0, start_of_value - '<string>'.length]}#{new_key}#{infoplist[end_of_value + '</string>'.length, infoplist.length - (end_of_value+1)]}\"\nelsif (old_value.to_i != nil) # straight integer build number\nnew_version = old_value.to_i + 1\nprint \"New version: \" + new_version.to_s + \"\\n\"\nnew_key = \"<string>#{new_version}</string>\"\n\npart_1 = infoplist[0, start_of_value - '<string>'.length]\npart_2 = new_key\npart_3 = infoplist[end_of_value + \"</string>\".length, infoplist.length - (end_of_value+1)]\ninfoplist = part_1 + part_2 + part_3\nend\ninfoplist\nend\n\n\n\nconfig = ENV['CONFIGURATION'].upcase\nconfig_build_dir = ENV['CONFIGURATION_BUILD_DIR']\n\narchive_action = false\nif (config_build_dir.include?(\"ArchiveIntermediates\"))\narchive_action = true\nend\n\nprint \"Archive: \" + archive_action.to_s + \"\\n\"\n\n\nprint config\n\nif (config == \"RELEASE\")\nprint \" incrementing build numbers\\n\"\nproject_dir = ENV['PROJECT_DIR']\ninfoplist_file = ENV['INFOPLIST_FILE']\nplist_filename = \"#{project_dir}/#{infoplist_file}\"\n\ninfoplist = get_file_as_string(plist_filename)\ninfoplist = find_and_increment_version_number_with_key(\"CFBundleVersion\", infoplist)\nif (archive_action)\ninfoplist = find_and_increment_version_number_with_key(\"CFBundleShortVersionString\", infoplist)\nend\nFile.open(plist_filename, 'w') {|f| f.write(infoplist) }\nelse\nprint \" not incrementing build numbers\"\nend";
		};
		B7292890E498447FB5FC66B9 /* Copy Pods Resources */ = {
			isa = PBXShellScriptBuildPhase;
			buildActionMask = 2147483647;
			files = (
			);
			inputPaths = (
			);
			name = "Copy Pods Resources";
			outputPaths = (
			);
			runOnlyForDeploymentPostprocessing = 0;
			shellPath = /bin/sh;
			shellScript = "\"${SRCROOT}/Pods/Pods-resources.sh\"\n";
		};
/* End PBXShellScriptBuildPhase section */

/* Begin PBXSourcesBuildPhase section */
		5E292A0216B3452D009A538A /* Sources */ = {
			isa = PBXSourcesBuildPhase;
			buildActionMask = 2147483647;
			files = (
				5E292A1716B3452D009A538A /* main.m in Sources */,
				5E292A1E16B3452D009A538A /* LPAppDelegate.m in Sources */,
				5E292A2416B3452E009A538A /* Long_Play.xcdatamodeld in Sources */,
				482603BB16B9F36E00B5F271 /* INAppStoreWindow.m in Sources */,
				482603C116B9F8DD00B5F271 /* NSColor+LPAdditions.m in Sources */,
				482603C516B9F98000B5F271 /* NSImage+LPAdditions.m in Sources */,
				482603C916B9FC2600B5F271 /* LPAlbumViewController.m in Sources */,
				482603D216B9FD0300B5F271 /* LPScrollView.m in Sources */,
				482603D316B9FD0300B5F271 /* LPClipView.m in Sources */,
				482603D416B9FD0300B5F271 /* NSTextView+LPAdditions.m in Sources */,
			);
			runOnlyForDeploymentPostprocessing = 0;
		};
/* End PBXSourcesBuildPhase section */

/* Begin PBXVariantGroup section */
		5E292A1316B3452D009A538A /* InfoPlist.strings */ = {
			isa = PBXVariantGroup;
			children = (
				5E292A1416B3452D009A538A /* en */,
			);
			name = InfoPlist.strings;
			sourceTree = "<group>";
		};
		5E292A1916B3452D009A538A /* Credits.rtf */ = {
			isa = PBXVariantGroup;
			children = (
				5E292A1A16B3452D009A538A /* en */,
			);
			name = Credits.rtf;
			sourceTree = "<group>";
		};
		5E292A1F16B3452E009A538A /* MainMenu.xib */ = {
			isa = PBXVariantGroup;
			children = (
				5E292A2016B3452E009A538A /* en */,
			);
			name = MainMenu.xib;
			sourceTree = "<group>";
		};
/* End PBXVariantGroup section */

/* Begin XCBuildConfiguration section */
		5E292A2516B3452E009A538A /* Debug */ = {
			isa = XCBuildConfiguration;
			buildSettings = {
				ALWAYS_SEARCH_USER_PATHS = NO;
				ARCHS = "$(ARCHS_STANDARD_64_BIT)";
				CLANG_CXX_LANGUAGE_STANDARD = "gnu++0x";
				CLANG_CXX_LIBRARY = "libc++";
				CLANG_ENABLE_OBJC_ARC = YES;
				CLANG_WARN_EMPTY_BODY = YES;
				CLANG_WARN__DUPLICATE_METHOD_MATCH = YES;
				COPY_PHASE_STRIP = NO;
				GCC_C_LANGUAGE_STANDARD = gnu99;
				GCC_DYNAMIC_NO_PIC = NO;
				GCC_ENABLE_OBJC_EXCEPTIONS = YES;
				GCC_OPTIMIZATION_LEVEL = 0;
				GCC_PREPROCESSOR_DEFINITIONS = (
					"DEBUG=1",
					"$(inherited)",
				);
				GCC_SYMBOLS_PRIVATE_EXTERN = NO;
				GCC_WARN_64_TO_32_BIT_CONVERSION = YES;
				GCC_WARN_ABOUT_RETURN_TYPE = YES;
				GCC_WARN_UNINITIALIZED_AUTOS = YES;
				GCC_WARN_UNUSED_VARIABLE = YES;
				MACOSX_DEPLOYMENT_TARGET = 10.8;
				ONLY_ACTIVE_ARCH = YES;
				SDKROOT = macosx;
			};
			name = Debug;
		};
		5E292A2616B3452E009A538A /* Release */ = {
			isa = XCBuildConfiguration;
			buildSettings = {
				ALWAYS_SEARCH_USER_PATHS = NO;
				ARCHS = "$(ARCHS_STANDARD_64_BIT)";
				CLANG_CXX_LANGUAGE_STANDARD = "gnu++0x";
				CLANG_CXX_LIBRARY = "libc++";
				CLANG_ENABLE_OBJC_ARC = YES;
				CLANG_WARN_EMPTY_BODY = YES;
				CLANG_WARN__DUPLICATE_METHOD_MATCH = YES;
				COPY_PHASE_STRIP = YES;
				DEBUG_INFORMATION_FORMAT = "dwarf-with-dsym";
				GCC_C_LANGUAGE_STANDARD = gnu99;
				GCC_ENABLE_OBJC_EXCEPTIONS = YES;
				GCC_WARN_64_TO_32_BIT_CONVERSION = YES;
				GCC_WARN_ABOUT_RETURN_TYPE = YES;
				GCC_WARN_UNINITIALIZED_AUTOS = YES;
				GCC_WARN_UNUSED_VARIABLE = YES;
				MACOSX_DEPLOYMENT_TARGET = 10.8;
				SDKROOT = macosx;
			};
			name = Release;
		};
		5E292A2816B3452E009A538A /* Debug */ = {
			isa = XCBuildConfiguration;
			buildSettings = {
				COMBINE_HIDPI_IMAGES = YES;
				GCC_PRECOMPILE_PREFIX_HEADER = YES;
				GCC_PREFIX_HEADER = "LongPlay/LongPlay-Prefix.pch";
				INFOPLIST_FILE = "LongPlay/LongPlay-Info.plist";
				PRODUCT_NAME = LongPlay;
				WRAPPER_EXTENSION = app;
			};
			name = Debug;
		};
		5E292A2916B3452E009A538A /* Release */ = {
			isa = XCBuildConfiguration;
			buildSettings = {
				COMBINE_HIDPI_IMAGES = YES;
				GCC_PRECOMPILE_PREFIX_HEADER = YES;
				GCC_PREFIX_HEADER = "LongPlay/LongPlay-Prefix.pch";
				INFOPLIST_FILE = "LongPlay/LongPlay-Info.plist";
				PRODUCT_NAME = LongPlay;
				WRAPPER_EXTENSION = app;
			};
			name = Release;
		};
/* End XCBuildConfiguration section */

/* Begin XCConfigurationList section */
		5E292A0016B3452D009A538A /* Build configuration list for PBXProject "LongPlay" */ = {
			isa = XCConfigurationList;
			buildConfigurations = (
				5E292A2516B3452E009A538A /* Debug */,
				5E292A2616B3452E009A538A /* Release */,
			);
			defaultConfigurationIsVisible = 0;
			defaultConfigurationName = Release;
		};
		5E292A2716B3452E009A538A /* Build configuration list for PBXNativeTarget "LongPlay" */ = {
			isa = XCConfigurationList;
			buildConfigurations = (
				5E292A2816B3452E009A538A /* Debug */,
				5E292A2916B3452E009A538A /* Release */,
			);
			defaultConfigurationIsVisible = 0;
			defaultConfigurationName = Release;
		};
/* End XCConfigurationList section */

/* Begin XCVersionGroup section */
		5E292A2216B3452E009A538A /* Long_Play.xcdatamodeld */ = {
			isa = XCVersionGroup;
			children = (
				5E292A2316B3452E009A538A /* Long_Play.xcdatamodel */,
			);
			currentVersion = 5E292A2316B3452E009A538A /* Long_Play.xcdatamodel */;
			path = Long_Play.xcdatamodeld;
			sourceTree = "<group>";
			versionGroupType = wrapper.xcdatamodel;
		};
/* End XCVersionGroup section */
	};
	rootObject = 5E2929FD16B3452D009A538A /* Project object */;
}
